{
  "name": "react-native-phone-input",
  "version": "0.2.4",
  "lockfileVersion": 1,
  "requires": true,
  "dependencies": {
    "@react-native-picker/picker": {
      "version": "2.2.1",
      "resolved": "https://registry.npmjs.org/@react-native-picker/picker/-/picker-2.2.1.tgz",
      "integrity": "sha512-EC7yv22QLHlTfnbC1ez9IUdXTOh1W31x96Oir0PfskSGFFJMWWdLTg4VrcE2DsGLzbfjjkBk123c173vf2a5MQ=="
    }
  }
}
