{
  "name": "react-native-phone-input",
  "version": "0.2.4",
  "lockfileVersion": 1,
  "requires": true,
  "dependencies": {
    "@react-native-picker/picker": {
      "version": "1.16.8",
      "resolved": "https://registry.npmjs.org/@react-native-picker/picker/-/picker-1.16.8.tgz",
      "integrity": "sha512-pacdQDX6V6EmjF+HoiIh6u++qx4mTK0WnhgUHRc01B+Qt5eoeUwseBqmqfTSXTx/aHDEd6PiIw7UGvKgFoqgFQ=="
    }
  }
}
